
Microsoft Visual Studio Solution File, Format Version 12.00
# Visual Studio Version 17
VisualStudioVersion = 17.5.33627.172
MinimumVisualStudioVersion = 10.0.40219.1
Project("{FAE04EC0-301F-11D3-BF4B-00C04F79EFBC}") = "Cyz2Json", "Cyz2Json\Cyz2Json.csproj", "{1285879E-74BC-4CE8-A897-03A7DEF8E832}"
EndProject
Global
	GlobalSection(SolutionConfigurationPlatforms) = preSolution
		Debug|Any CPU = Debug|Any CPU
		Release|Any CPU = Release|Any CPU
	EndGlobalSection
	GlobalSection(ProjectConfigurationPlatforms) = postSolution
		{1285879E-74BC-4CE8-A897-03A7DEF8E832}.Debug|Any CPU.ActiveCfg = Debug|Any CPU
		{1285879E-74BC-4CE8-A897-03A7DEF8E832}.Debug|Any CPU.Build.0 = Debug|Any CPU
		{1285879E-74BC-4CE8-A897-03A7DEF8E832}.Release|Any CPU.ActiveCfg = Release|Any CPU
		{1285879E-74BC-4CE8-A897-03A7DEF8E832}.Release|Any CPU.Build.0 = Release|Any CPU
	EndGlobalSection
	GlobalSection(SolutionProperties) = preSolution
		HideSolutionNode = FALSE
	EndGlobalSection
	GlobalSection(ExtensibilityGlobals) = postSolution
		SolutionGuid = {6AF960FA-80E6-4612-9F02-DB0012ADF571}
	EndGlobalSection
EndGlobal
